// !$*UTF8*$!
{
	archiveVersion = 1;
	classes = {
	};
	objectVersion = 56;
	objects = {

/* Begin PBXBuildFile section */
		1126147E2D8AF1BE00E54D01 /* LockScreenView.swift in Sources */ = {isa = PBXBuildFile; fileRef = 1126147D2D8AF1BE00E54D01 /* LockScreenView.swift */; };
		113C056F2D39642E00759A78 /* MaliciousURLAPI.swift in Sources */ = {isa = PBXBuildFile; fileRef = 113C056E2D39642E00759A78 /* MaliciousURLAPI.swift */; };
		113C05712D39971200759A78 /* emailValidatorAPI.swift in Sources */ = {isa = PBXBuildFile; fileRef = 113C05702D39971200759A78 /* emailValidatorAPI.swift */; };
		113C05732D39A72400759A78 /* phoneValidationAPI.swift in Sources */ = {isa = PBXBuildFile; fileRef = 113C05722D39A72400759A78 /* phoneValidationAPI.swift */; };
		113C057B2D3D3D7700759A78 /* Country.swift in Sources */ = {isa = PBXBuildFile; fileRef = 113C057A2D3D3D7700759A78 /* Country.swift */; };
		113C057D2D3D446500759A78 /* EncryptionHelper.swift in Sources */ = {isa = PBXBuildFile; fileRef = 113C057C2D3D446500759A78 /* EncryptionHelper.swift */; };
		113C057F2D3D448500759A78 /* PasswordManager.swift in Sources */ = {isa = PBXBuildFile; fileRef = 113C057E2D3D448500759A78 /* PasswordManager.swift */; };
		113C78192D147C5D00F5C0B6 /* LoginScreenUI.swift in Sources */ = {isa = PBXBuildFile; fileRef = 113C78182D147C5D00F5C0B6 /* LoginScreenUI.swift */; };
		113C781B2D14C4F300F5C0B6 /* SignUpScreenUI.swift in Sources */ = {isa = PBXBuildFile; fileRef = 113C781A2D14C4F300F5C0B6 /* SignUpScreenUI.swift */; };
		113C781D2D15A40C00F5C0B6 /* FirstOnBoardingScreenUI.swift in Sources */ = {isa = PBXBuildFile; fileRef = 113C781C2D15A40C00F5C0B6 /* FirstOnBoardingScreenUI.swift */; };
		113C781F2D15AD0E00F5C0B6 /* SecondOnBoardingScreenUI.swift in Sources */ = {isa = PBXBuildFile; fileRef = 113C781E2D15AD0E00F5C0B6 /* SecondOnBoardingScreenUI.swift */; };
		113C78212D15EE5500F5C0B6 /* LoginManager.swift in Sources */ = {isa = PBXBuildFile; fileRef = 113C78202D15EE5500F5C0B6 /* LoginManager.swift */; };
		1155EF4D2CF8E16D007EE3EB /* CyberWiseMainApp.swift in Sources */ = {isa = PBXBuildFile; fileRef = 1155EF4C2CF8E16D007EE3EB /* CyberWiseMainApp.swift */; };
		1155EF4F2CF8E16D007EE3EB /* ContentView.swift in Sources */ = {isa = PBXBuildFile; fileRef = 1155EF4E2CF8E16D007EE3EB /* ContentView.swift */; };
		1155EF512CF8E16D007EE3EB /* Item.swift in Sources */ = {isa = PBXBuildFile; fileRef = 1155EF502CF8E16D007EE3EB /* Item.swift */; };
		1155EF532CF8E16E007EE3EB /* Assets.xcassets in Resources */ = {isa = PBXBuildFile; fileRef = 1155EF522CF8E16E007EE3EB /* Assets.xcassets */; };
		1155EF562CF8E16E007EE3EB /* Preview Assets.xcassets in Resources */ = {isa = PBXBuildFile; fileRef = 1155EF552CF8E16E007EE3EB /* Preview Assets.xcassets */; };
		1155EF602CF8E16E007EE3EB /* CyberWiseMainTests.swift in Sources */ = {isa = PBXBuildFile; fileRef = 1155EF5F2CF8E16E007EE3EB /* CyberWiseMainTests.swift */; };
		1155EF6A2CF8E16E007EE3EB /* CyberWiseMainUITests.swift in Sources */ = {isa = PBXBuildFile; fileRef = 1155EF692CF8E16E007EE3EB /* CyberWiseMainUITests.swift */; };
		1155EF6C2CF8E16E007EE3EB /* CyberWiseMainUITestsLaunchTests.swift in Sources */ = {isa = PBXBuildFile; fileRef = 1155EF6B2CF8E16E007EE3EB /* CyberWiseMainUITestsLaunchTests.swift */; };
		119B413F2D7DB45100D11C8D /* FraudReportingAPI.swift in Sources */ = {isa = PBXBuildFile; fileRef = 119B413E2D7DB45100D11C8D /* FraudReportingAPI.swift */; };
		119B41412D7DB7B500D11C8D /* FAQPageUI.swift in Sources */ = {isa = PBXBuildFile; fileRef = 119B41402D7DB7B500D11C8D /* FAQPageUI.swift */; };
		119B41452D7DB83000D11C8D /* ChangePasswordView.swift in Sources */ = {isa = PBXBuildFile; fileRef = 119B41442D7DB83000D11C8D /* ChangePasswordView.swift */; };
		119B41472D7DB89100D11C8D /* AvatarSelectorView.swift in Sources */ = {isa = PBXBuildFile; fileRef = 119B41462D7DB89100D11C8D /* AvatarSelectorView.swift */; };
		11A6BD0F2D38169700DE6FF4 /* LearningHubUI.swift in Sources */ = {isa = PBXBuildFile; fileRef = 11A6BD0E2D38169700DE6FF4 /* LearningHubUI.swift */; };
		11A6BD132D3816BF00DE6FF4 /* LearnPageUI.swift in Sources */ = {isa = PBXBuildFile; fileRef = 11A6BD122D3816BF00DE6FF4 /* LearnPageUI.swift */; };
		11B22FDC2D0326B100B05BDC /* Account.swift in Sources */ = {isa = PBXBuildFile; fileRef = 11B22FDB2D0326B100B05BDC /* Account.swift */; };
		11B8FA172D38144D00A0A146 /* LoginView.swift in Sources */ = {isa = PBXBuildFile; fileRef = 11B22FE02D0337BA00B05BDC /* LoginView.swift */; };
		11C8CE5E2D65CC07003A7B81 /* Lesson1BrowseSafeView.swift in Sources */ = {isa = PBXBuildFile; fileRef = 11C8CE5D2D65CC07003A7B81 /* Lesson1BrowseSafeView.swift */; };
		11CD898C2D32BA0600891BAD /* HomeScreenUI.swift in Sources */ = {isa = PBXBuildFile; fileRef = 11CD898B2D32BA0600891BAD /* HomeScreenUI.swift */; };
		11CD89902D32C46A00891BAD /* EmergencyAlertsPageUI.swift in Sources */ = {isa = PBXBuildFile; fileRef = 11CD898F2D32C46A00891BAD /* EmergencyAlertsPageUI.swift */; };
		11CD89922D32C47F00891BAD /* ManagePasswordsPageUI.swift in Sources */ = {isa = PBXBuildFile; fileRef = 11CD89912D32C47F00891BAD /* ManagePasswordsPageUI.swift */; };
		11CD89942D32C48E00891BAD /* VerifyCallersPageUI.swift in Sources */ = {isa = PBXBuildFile; fileRef = 11CD89932D32C48E00891BAD /* VerifyCallersPageUI.swift */; };
		11CD89962D32C49B00891BAD /* CheckForScamsPageUI.swift in Sources */ = {isa = PBXBuildFile; fileRef = 11CD89952D32C49B00891BAD /* CheckForScamsPageUI.swift */; };
		11DCBBF22D6F4F58008AE0B2 /* Lesson2BrowseSafeView.swift in Sources */ = {isa = PBXBuildFile; fileRef = 11DCBBF12D6F4F58008AE0B2 /* Lesson2BrowseSafeView.swift */; };
		11EEED422D71F62100B08776 /* Lesson3BrowseSafeView.swift in Sources */ = {isa = PBXBuildFile; fileRef = 11EEED412D71F62100B08776 /* Lesson3BrowseSafeView.swift */; };
		11EEED442D737DB100B08776 /* Lesson1AvoidPhishingView.swift in Sources */ = {isa = PBXBuildFile; fileRef = 11EEED432D737DB100B08776 /* Lesson1AvoidPhishingView.swift */; };
		11EEED462D7387D300B08776 /* Lesson2AvoidPhishingView.swift in Sources */ = {isa = PBXBuildFile; fileRef = 11EEED452D7387D300B08776 /* Lesson2AvoidPhishingView.swift */; };
		11EEED482D738F7E00B08776 /* Lesson3AvoidPhishingView.swift in Sources */ = {isa = PBXBuildFile; fileRef = 11EEED472D738F7E00B08776 /* Lesson3AvoidPhishingView.swift */; };
		11EEED4A2D73BEA900B08776 /* Lesson1AvoidScamsView.swift in Sources */ = {isa = PBXBuildFile; fileRef = 11EEED492D73BEA900B08776 /* Lesson1AvoidScamsView.swift */; };
		11EEED4C2D74EFE700B08776 /* Lesson2AvoidScamsView.swift in Sources */ = {isa = PBXBuildFile; fileRef = 11EEED4B2D74EFE700B08776 /* Lesson2AvoidScamsView.swift */; };
		11EEED4E2D74F41A00B08776 /* Lesson3AvoidScamsView.swift in Sources */ = {isa = PBXBuildFile; fileRef = 11EEED4D2D74F41A00B08776 /* Lesson3AvoidScamsView.swift */; };
/* End PBXBuildFile section */

/* Begin PBXContainerItemProxy section */
		1155EF5C2CF8E16E007EE3EB /* PBXContainerItemProxy */ = {
			isa = PBXContainerItemProxy;
			containerPortal = 1155EF412CF8E16D007EE3EB /* Project object */;
			proxyType = 1;
			remoteGlobalIDString = 1155EF482CF8E16D007EE3EB;
			remoteInfo = CyberWiseMain;
		};
		1155EF662CF8E16E007EE3EB /* PBXContainerItemProxy */ = {
			isa = PBXContainerItemProxy;
			containerPortal = 1155EF412CF8E16D007EE3EB /* Project object */;
			proxyType = 1;
			remoteGlobalIDString = 1155EF482CF8E16D007EE3EB;
			remoteInfo = CyberWiseMain;
		};
/* End PBXContainerItemProxy section */

/* Begin PBXFileReference section */
		1126147D2D8AF1BE00E54D01 /* LockScreenView.swift */ = {isa = PBXFileReference; lastKnownFileType = sourcecode.swift; path = LockScreenView.swift; sourceTree = "<group>"; };
		112614812D8AF8CF00E54D01 /* Info.plist */ = {isa = PBXFileReference; lastKnownFileType = text.plist; path = Info.plist; sourceTree = "<group>"; };
		113C056E2D39642E00759A78 /* MaliciousURLAPI.swift */ = {isa = PBXFileReference; lastKnownFileType = sourcecode.swift; path = MaliciousURLAPI.swift; sourceTree = "<group>"; };
		113C05702D39971200759A78 /* emailValidatorAPI.swift */ = {isa = PBXFileReference; lastKnownFileType = sourcecode.swift; path = emailValidatorAPI.swift; sourceTree = "<group>"; };
		113C05722D39A72400759A78 /* phoneValidationAPI.swift */ = {isa = PBXFileReference; lastKnownFileType = sourcecode.swift; path = phoneValidationAPI.swift; sourceTree = "<group>"; };
		113C057A2D3D3D7700759A78 /* Country.swift */ = {isa = PBXFileReference; lastKnownFileType = sourcecode.swift; path = Country.swift; sourceTree = "<group>"; };
		113C057C2D3D446500759A78 /* EncryptionHelper.swift */ = {isa = PBXFileReference; lastKnownFileType = sourcecode.swift; path = EncryptionHelper.swift; sourceTree = "<group>"; };
		113C057E2D3D448500759A78 /* PasswordManager.swift */ = {isa = PBXFileReference; lastKnownFileType = sourcecode.swift; path = PasswordManager.swift; sourceTree = "<group>"; };
		113C78182D147C5D00F5C0B6 /* LoginScreenUI.swift */ = {isa = PBXFileReference; lastKnownFileType = sourcecode.swift; path = LoginScreenUI.swift; sourceTree = "<group>"; };
		113C781A2D14C4F300F5C0B6 /* SignUpScreenUI.swift */ = {isa = PBXFileReference; lastKnownFileType = sourcecode.swift; path = SignUpScreenUI.swift; sourceTree = "<group>"; };
		113C781C2D15A40C00F5C0B6 /* FirstOnBoardingScreenUI.swift */ = {isa = PBXFileReference; lastKnownFileType = sourcecode.swift; path = FirstOnBoardingScreenUI.swift; sourceTree = "<group>"; };
		113C781E2D15AD0E00F5C0B6 /* SecondOnBoardingScreenUI.swift */ = {isa = PBXFileReference; lastKnownFileType = sourcecode.swift; path = SecondOnBoardingScreenUI.swift; sourceTree = "<group>"; };
		113C78202D15EE5500F5C0B6 /* LoginManager.swift */ = {isa = PBXFileReference; lastKnownFileType = sourcecode.swift; path = LoginManager.swift; sourceTree = "<group>"; };
		1155EF492CF8E16D007EE3EB /* CyberWiseMain.app */ = {isa = PBXFileReference; explicitFileType = wrapper.application; includeInIndex = 0; path = CyberWiseMain.app; sourceTree = BUILT_PRODUCTS_DIR; };
		1155EF4C2CF8E16D007EE3EB /* CyberWiseMainApp.swift */ = {isa = PBXFileReference; lastKnownFileType = sourcecode.swift; path = CyberWiseMainApp.swift; sourceTree = "<group>"; };
		1155EF4E2CF8E16D007EE3EB /* ContentView.swift */ = {isa = PBXFileReference; lastKnownFileType = sourcecode.swift; path = ContentView.swift; sourceTree = "<group>"; };
		1155EF502CF8E16D007EE3EB /* Item.swift */ = {isa = PBXFileReference; lastKnownFileType = sourcecode.swift; path = Item.swift; sourceTree = "<group>"; };
		1155EF522CF8E16E007EE3EB /* Assets.xcassets */ = {isa = PBXFileReference; lastKnownFileType = folder.assetcatalog; path = Assets.xcassets; sourceTree = "<group>"; };
		1155EF552CF8E16E007EE3EB /* Preview Assets.xcassets */ = {isa = PBXFileReference; lastKnownFileType = folder.assetcatalog; path = "Preview Assets.xcassets"; sourceTree = "<group>"; };
		1155EF5B2CF8E16E007EE3EB /* CyberWiseMainTests.xctest */ = {isa = PBXFileReference; explicitFileType = wrapper.cfbundle; includeInIndex = 0; path = CyberWiseMainTests.xctest; sourceTree = BUILT_PRODUCTS_DIR; };
		1155EF5F2CF8E16E007EE3EB /* CyberWiseMainTests.swift */ = {isa = PBXFileReference; lastKnownFileType = sourcecode.swift; path = CyberWiseMainTests.swift; sourceTree = "<group>"; };
		1155EF652CF8E16E007EE3EB /* CyberWiseMainUITests.xctest */ = {isa = PBXFileReference; explicitFileType = wrapper.cfbundle; includeInIndex = 0; path = CyberWiseMainUITests.xctest; sourceTree = BUILT_PRODUCTS_DIR; };
		1155EF692CF8E16E007EE3EB /* CyberWiseMainUITests.swift */ = {isa = PBXFileReference; lastKnownFileType = sourcecode.swift; path = CyberWiseMainUITests.swift; sourceTree = "<group>"; };
		1155EF6B2CF8E16E007EE3EB /* CyberWiseMainUITestsLaunchTests.swift */ = {isa = PBXFileReference; lastKnownFileType = sourcecode.swift; path = CyberWiseMainUITestsLaunchTests.swift; sourceTree = "<group>"; };
		119B413E2D7DB45100D11C8D /* FraudReportingAPI.swift */ = {isa = PBXFileReference; lastKnownFileType = sourcecode.swift; path = FraudReportingAPI.swift; sourceTree = "<group>"; };
		119B41402D7DB7B500D11C8D /* FAQPageUI.swift */ = {isa = PBXFileReference; lastKnownFileType = sourcecode.swift; path = FAQPageUI.swift; sourceTree = "<group>"; };
		119B41442D7DB83000D11C8D /* ChangePasswordView.swift */ = {isa = PBXFileReference; lastKnownFileType = sourcecode.swift; path = ChangePasswordView.swift; sourceTree = "<group>"; };
		119B41462D7DB89100D11C8D /* AvatarSelectorView.swift */ = {isa = PBXFileReference; lastKnownFileType = sourcecode.swift; path = AvatarSelectorView.swift; sourceTree = "<group>"; };
		11A6BD0E2D38169700DE6FF4 /* LearningHubUI.swift */ = {isa = PBXFileReference; lastKnownFileType = sourcecode.swift; path = LearningHubUI.swift; sourceTree = "<group>"; };
		11A6BD122D3816BF00DE6FF4 /* LearnPageUI.swift */ = {isa = PBXFileReference; lastKnownFileType = sourcecode.swift; path = LearnPageUI.swift; sourceTree = "<group>"; };
		11B22FDB2D0326B100B05BDC /* Account.swift */ = {isa = PBXFileReference; lastKnownFileType = sourcecode.swift; path = Account.swift; sourceTree = "<group>"; };
		11B22FE02D0337BA00B05BDC /* LoginView.swift */ = {isa = PBXFileReference; lastKnownFileType = sourcecode.swift; path = LoginView.swift; sourceTree = "<group>"; };
		11C8CE5D2D65CC07003A7B81 /* Lesson1BrowseSafeView.swift */ = {isa = PBXFileReference; lastKnownFileType = sourcecode.swift; path = Lesson1BrowseSafeView.swift; sourceTree = "<group>"; };
		11CD898B2D32BA0600891BAD /* HomeScreenUI.swift */ = {isa = PBXFileReference; lastKnownFileType = sourcecode.swift; path = HomeScreenUI.swift; sourceTree = "<group>"; };
		11CD898F2D32C46A00891BAD /* EmergencyAlertsPageUI.swift */ = {isa = PBXFileReference; lastKnownFileType = sourcecode.swift; path = EmergencyAlertsPageUI.swift; sourceTree = "<group>"; };
		11CD89912D32C47F00891BAD /* ManagePasswordsPageUI.swift */ = {isa = PBXFileReference; lastKnownFileType = sourcecode.swift; path = ManagePasswordsPageUI.swift; sourceTree = "<group>"; };
		11CD89932D32C48E00891BAD /* VerifyCallersPageUI.swift */ = {isa = PBXFileReference; lastKnownFileType = sourcecode.swift; path = VerifyCallersPageUI.swift; sourceTree = "<group>"; };
		11CD89952D32C49B00891BAD /* CheckForScamsPageUI.swift */ = {isa = PBXFileReference; lastKnownFileType = sourcecode.swift; path = CheckForScamsPageUI.swift; sourceTree = "<group>"; };
		11DCBBF12D6F4F58008AE0B2 /* Lesson2BrowseSafeView.swift */ = {isa = PBXFileReference; lastKnownFileType = sourcecode.swift; path = Lesson2BrowseSafeView.swift; sourceTree = "<group>"; };
		11EEED412D71F62100B08776 /* Lesson3BrowseSafeView.swift */ = {isa = PBXFileReference; lastKnownFileType = sourcecode.swift; path = Lesson3BrowseSafeView.swift; sourceTree = "<group>"; };
		11EEED432D737DB100B08776 /* Lesson1AvoidPhishingView.swift */ = {isa = PBXFileReference; lastKnownFileType = sourcecode.swift; path = Lesson1AvoidPhishingView.swift; sourceTree = "<group>"; };
		11EEED452D7387D300B08776 /* Lesson2AvoidPhishingView.swift */ = {isa = PBXFileReference; lastKnownFileType = sourcecode.swift; path = Lesson2AvoidPhishingView.swift; sourceTree = "<group>"; };
		11EEED472D738F7E00B08776 /* Lesson3AvoidPhishingView.swift */ = {isa = PBXFileReference; lastKnownFileType = sourcecode.swift; path = Lesson3AvoidPhishingView.swift; sourceTree = "<group>"; };
		11EEED492D73BEA900B08776 /* Lesson1AvoidScamsView.swift */ = {isa = PBXFileReference; lastKnownFileType = sourcecode.swift; path = Lesson1AvoidScamsView.swift; sourceTree = "<group>"; };
		11EEED4B2D74EFE700B08776 /* Lesson2AvoidScamsView.swift */ = {isa = PBXFileReference; lastKnownFileType = sourcecode.swift; path = Lesson2AvoidScamsView.swift; sourceTree = "<group>"; };
		11EEED4D2D74F41A00B08776 /* Lesson3AvoidScamsView.swift */ = {isa = PBXFileReference; lastKnownFileType = sourcecode.swift; path = Lesson3AvoidScamsView.swift; sourceTree = "<group>"; };
/* End PBXFileReference section */

/* Begin PBXFrameworksBuildPhase section */
		1155EF462CF8E16D007EE3EB /* Frameworks */ = {
			isa = PBXFrameworksBuildPhase;
			buildActionMask = 2147483647;
			files = (
			);
			runOnlyForDeploymentPostprocessing = 0;
		};
		1155EF582CF8E16E007EE3EB /* Frameworks */ = {
			isa = PBXFrameworksBuildPhase;
			buildActionMask = 2147483647;
			files = (
			);
			runOnlyForDeploymentPostprocessing = 0;
		};
		1155EF622CF8E16E007EE3EB /* Frameworks */ = {
			isa = PBXFrameworksBuildPhase;
			buildActionMask = 2147483647;
			files = (
			);
			runOnlyForDeploymentPostprocessing = 0;
		};
/* End PBXFrameworksBuildPhase section */

/* Begin PBXGroup section */
		1155EF402CF8E16D007EE3EB = {
			isa = PBXGroup;
			children = (
				1155EF4B2CF8E16D007EE3EB /* CyberWiseMain */,
				1155EF5E2CF8E16E007EE3EB /* CyberWiseMainTests */,
				1155EF682CF8E16E007EE3EB /* CyberWiseMainUITests */,
				1155EF4A2CF8E16D007EE3EB /* Products */,
			);
			sourceTree = "<group>";
		};
		1155EF4A2CF8E16D007EE3EB /* Products */ = {
			isa = PBXGroup;
			children = (
				1155EF492CF8E16D007EE3EB /* CyberWiseMain.app */,
				1155EF5B2CF8E16E007EE3EB /* CyberWiseMainTests.xctest */,
				1155EF652CF8E16E007EE3EB /* CyberWiseMainUITests.xctest */,
			);
			name = Products;
			sourceTree = "<group>";
		};
		1155EF4B2CF8E16D007EE3EB /* CyberWiseMain */ = {
			isa = PBXGroup;
			children = (
				112614812D8AF8CF00E54D01 /* Info.plist */,
				11B22FD62D03249300B05BDC /* MVC */,
				1155EF4C2CF8E16D007EE3EB /* CyberWiseMainApp.swift */,
				1155EF4E2CF8E16D007EE3EB /* ContentView.swift */,
				1155EF502CF8E16D007EE3EB /* Item.swift */,
				1155EF522CF8E16E007EE3EB /* Assets.xcassets */,
				1155EF542CF8E16E007EE3EB /* Preview Content */,
			);
			path = CyberWiseMain;
			sourceTree = "<group>";
		};
		1155EF542CF8E16E007EE3EB /* Preview Content */ = {
			isa = PBXGroup;
			children = (
				1155EF552CF8E16E007EE3EB /* Preview Assets.xcassets */,
			);
			path = "Preview Content";
			sourceTree = "<group>";
		};
		1155EF5E2CF8E16E007EE3EB /* CyberWiseMainTests */ = {
			isa = PBXGroup;
			children = (
				1155EF5F2CF8E16E007EE3EB /* CyberWiseMainTests.swift */,
			);
			path = CyberWiseMainTests;
			sourceTree = "<group>";
		};
		1155EF682CF8E16E007EE3EB /* CyberWiseMainUITests */ = {
			isa = PBXGroup;
			children = (
				1155EF692CF8E16E007EE3EB /* CyberWiseMainUITests.swift */,
				1155EF6B2CF8E16E007EE3EB /* CyberWiseMainUITestsLaunchTests.swift */,
			);
			path = CyberWiseMainUITests;
			sourceTree = "<group>";
		};
		11B22FD62D03249300B05BDC /* MVC */ = {
			isa = PBXGroup;
			children = (
				11B22FDF2D0327D700B05BDC /* Model */,
				11B22FDE2D0327CF00B05BDC /* Controller */,
				11B22FDD2D0327CB00B05BDC /* View */,
			);
			path = MVC;
			sourceTree = "<group>";
		};
		11B22FDD2D0327CB00B05BDC /* View */ = {
			isa = PBXGroup;
			children = (
				11C8CE5C2D65CBF1003A7B81 /* LessonsUI */,
				11B22FE02D0337BA00B05BDC /* LoginView.swift */,
				113C78182D147C5D00F5C0B6 /* LoginScreenUI.swift */,
				113C781A2D14C4F300F5C0B6 /* SignUpScreenUI.swift */,
				113C781C2D15A40C00F5C0B6 /* FirstOnBoardingScreenUI.swift */,
				113C781E2D15AD0E00F5C0B6 /* SecondOnBoardingScreenUI.swift */,
				11CD898B2D32BA0600891BAD /* HomeScreenUI.swift */,
				11CD898F2D32C46A00891BAD /* EmergencyAlertsPageUI.swift */,
				11CD89912D32C47F00891BAD /* ManagePasswordsPageUI.swift */,
				11CD89932D32C48E00891BAD /* VerifyCallersPageUI.swift */,
				11CD89952D32C49B00891BAD /* CheckForScamsPageUI.swift */,
				11A6BD0E2D38169700DE6FF4 /* LearningHubUI.swift */,
				11A6BD122D3816BF00DE6FF4 /* LearnPageUI.swift */,
				119B41402D7DB7B500D11C8D /* FAQPageUI.swift */,
				119B41442D7DB83000D11C8D /* ChangePasswordView.swift */,
				119B41462D7DB89100D11C8D /* AvatarSelectorView.swift */,
				1126147D2D8AF1BE00E54D01 /* LockScreenView.swift */,
			);
			path = View;
			sourceTree = "<group>";
		};
		11B22FDE2D0327CF00B05BDC /* Controller */ = {
			isa = PBXGroup;
			children = (
				113C78202D15EE5500F5C0B6 /* LoginManager.swift */,
				113C056E2D39642E00759A78 /* MaliciousURLAPI.swift */,
				113C05702D39971200759A78 /* emailValidatorAPI.swift */,
				113C05722D39A72400759A78 /* phoneValidationAPI.swift */,
				113C057A2D3D3D7700759A78 /* Country.swift */,
				113C057C2D3D446500759A78 /* EncryptionHelper.swift */,
				113C057E2D3D448500759A78 /* PasswordManager.swift */,
				119B413E2D7DB45100D11C8D /* FraudReportingAPI.swift */,
			);
			path = Controller;
			sourceTree = "<group>";
		};
		11B22FDF2D0327D700B05BDC /* Model */ = {
			isa = PBXGroup;
			children = (
				11B22FDB2D0326B100B05BDC /* Account.swift */,
			);
			path = Model;
			sourceTree = "<group>";
		};
		11C8CE5C2D65CBF1003A7B81 /* LessonsUI */ = {
			isa = PBXGroup;
			children = (
				11C8CE5D2D65CC07003A7B81 /* Lesson1BrowseSafeView.swift */,
				11DCBBF12D6F4F58008AE0B2 /* Lesson2BrowseSafeView.swift */,
				11EEED412D71F62100B08776 /* Lesson3BrowseSafeView.swift */,
				11EEED432D737DB100B08776 /* Lesson1AvoidPhishingView.swift */,
				11EEED452D7387D300B08776 /* Lesson2AvoidPhishingView.swift */,
				11EEED472D738F7E00B08776 /* Lesson3AvoidPhishingView.swift */,
				11EEED492D73BEA900B08776 /* Lesson1AvoidScamsView.swift */,
				11EEED4B2D74EFE700B08776 /* Lesson2AvoidScamsView.swift */,
				11EEED4D2D74F41A00B08776 /* Lesson3AvoidScamsView.swift */,
			);
			path = LessonsUI;
			sourceTree = "<group>";
		};
/* End PBXGroup section */

/* Begin PBXNativeTarget section */
		1155EF482CF8E16D007EE3EB /* CyberWiseMain */ = {
			isa = PBXNativeTarget;
			buildConfigurationList = 1155EF6F2CF8E16E007EE3EB /* Build configuration list for PBXNativeTarget "CyberWiseMain" */;
			buildPhases = (
				1155EF452CF8E16D007EE3EB /* Sources */,
				1155EF462CF8E16D007EE3EB /* Frameworks */,
				1155EF472CF8E16D007EE3EB /* Resources */,
			);
			buildRules = (
			);
			dependencies = (
			);
			name = CyberWiseMain;
			productName = CyberWiseMain;
			productReference = 1155EF492CF8E16D007EE3EB /* CyberWiseMain.app */;
			productType = "com.apple.product-type.application";
		};
		1155EF5A2CF8E16E007EE3EB /* CyberWiseMainTests */ = {
			isa = PBXNativeTarget;
			buildConfigurationList = 1155EF722CF8E16E007EE3EB /* Build configuration list for PBXNativeTarget "CyberWiseMainTests" */;
			buildPhases = (
				1155EF572CF8E16E007EE3EB /* Sources */,
				1155EF582CF8E16E007EE3EB /* Frameworks */,
				1155EF592CF8E16E007EE3EB /* Resources */,
			);
			buildRules = (
			);
			dependencies = (
				1155EF5D2CF8E16E007EE3EB /* PBXTargetDependency */,
			);
			name = CyberWiseMainTests;
			productName = CyberWiseMainTests;
			productReference = 1155EF5B2CF8E16E007EE3EB /* CyberWiseMainTests.xctest */;
			productType = "com.apple.product-type.bundle.unit-test";
		};
		1155EF642CF8E16E007EE3EB /* CyberWiseMainUITests */ = {
			isa = PBXNativeTarget;
			buildConfigurationList = 1155EF752CF8E16E007EE3EB /* Build configuration list for PBXNativeTarget "CyberWiseMainUITests" */;
			buildPhases = (
				1155EF612CF8E16E007EE3EB /* Sources */,
				1155EF622CF8E16E007EE3EB /* Frameworks */,
				1155EF632CF8E16E007EE3EB /* Resources */,
			);
			buildRules = (
			);
			dependencies = (
				1155EF672CF8E16E007EE3EB /* PBXTargetDependency */,
			);
			name = CyberWiseMainUITests;
			productName = CyberWiseMainUITests;
			productReference = 1155EF652CF8E16E007EE3EB /* CyberWiseMainUITests.xctest */;
			productType = "com.apple.product-type.bundle.ui-testing";
		};
/* End PBXNativeTarget section */

/* Begin PBXProject section */
		1155EF412CF8E16D007EE3EB /* Project object */ = {
			isa = PBXProject;
			attributes = {
				BuildIndependentTargetsInParallel = 1;
				LastSwiftUpdateCheck = 1540;
				LastUpgradeCheck = 1540;
				TargetAttributes = {
					1155EF482CF8E16D007EE3EB = {
						CreatedOnToolsVersion = 15.4;
					};
					1155EF5A2CF8E16E007EE3EB = {
						CreatedOnToolsVersion = 15.4;
						TestTargetID = 1155EF482CF8E16D007EE3EB;
					};
					1155EF642CF8E16E007EE3EB = {
						CreatedOnToolsVersion = 15.4;
						TestTargetID = 1155EF482CF8E16D007EE3EB;
					};
				};
			};
			buildConfigurationList = 1155EF442CF8E16D007EE3EB /* Build configuration list for PBXProject "CyberWiseMain" */;
			compatibilityVersion = "Xcode 14.0";
			developmentRegion = en;
			hasScannedForEncodings = 0;
			knownRegions = (
				en,
				Base,
			);
			mainGroup = 1155EF402CF8E16D007EE3EB;
			productRefGroup = 1155EF4A2CF8E16D007EE3EB /* Products */;
			projectDirPath = "";
			projectRoot = "";
			targets = (
				1155EF482CF8E16D007EE3EB /* CyberWiseMain */,
				1155EF5A2CF8E16E007EE3EB /* CyberWiseMainTests */,
				1155EF642CF8E16E007EE3EB /* CyberWiseMainUITests */,
			);
		};
/* End PBXProject section */

/* Begin PBXResourcesBuildPhase section */
		1155EF472CF8E16D007EE3EB /* Resources */ = {
			isa = PBXResourcesBuildPhase;
			buildActionMask = 2147483647;
			files = (
				1155EF562CF8E16E007EE3EB /* Preview Assets.xcassets in Resources */,
				1155EF532CF8E16E007EE3EB /* Assets.xcassets in Resources */,
			);
			runOnlyForDeploymentPostprocessing = 0;
		};
		1155EF592CF8E16E007EE3EB /* Resources */ = {
			isa = PBXResourcesBuildPhase;
			buildActionMask = 2147483647;
			files = (
			);
			runOnlyForDeploymentPostprocessing = 0;
		};
		1155EF632CF8E16E007EE3EB /* Resources */ = {
			isa = PBXResourcesBuildPhase;
			buildActionMask = 2147483647;
			files = (
			);
			runOnlyForDeploymentPostprocessing = 0;
		};
/* End PBXResourcesBuildPhase section */

/* Begin PBXSourcesBuildPhase section */
		1155EF452CF8E16D007EE3EB /* Sources */ = {
			isa = PBXSourcesBuildPhase;
			buildActionMask = 2147483647;
			files = (
				113C781B2D14C4F300F5C0B6 /* SignUpScreenUI.swift in Sources */,
				1126147E2D8AF1BE00E54D01 /* LockScreenView.swift in Sources */,
				11A6BD132D3816BF00DE6FF4 /* LearnPageUI.swift in Sources */,
				11EEED4E2D74F41A00B08776 /* Lesson3AvoidScamsView.swift in Sources */,
				113C781D2D15A40C00F5C0B6 /* FirstOnBoardingScreenUI.swift in Sources */,
				1155EF4F2CF8E16D007EE3EB /* ContentView.swift in Sources */,
				11A6BD0F2D38169700DE6FF4 /* LearningHubUI.swift in Sources */,
				11CD89962D32C49B00891BAD /* CheckForScamsPageUI.swift in Sources */,
				11DCBBF22D6F4F58008AE0B2 /* Lesson2BrowseSafeView.swift in Sources */,
				11CD89942D32C48E00891BAD /* VerifyCallersPageUI.swift in Sources */,
				11C8CE5E2D65CC07003A7B81 /* Lesson1BrowseSafeView.swift in Sources */,
				119B41472D7DB89100D11C8D /* AvatarSelectorView.swift in Sources */,
				11EEED4C2D74EFE700B08776 /* Lesson2AvoidScamsView.swift in Sources */,
				113C057B2D3D3D7700759A78 /* Country.swift in Sources */,
				113C78212D15EE5500F5C0B6 /* LoginManager.swift in Sources */,
				11EEED442D737DB100B08776 /* Lesson1AvoidPhishingView.swift in Sources */,
				11CD898C2D32BA0600891BAD /* HomeScreenUI.swift in Sources */,
				119B41412D7DB7B500D11C8D /* FAQPageUI.swift in Sources */,
				113C057F2D3D448500759A78 /* PasswordManager.swift in Sources */,
				11EEED4A2D73BEA900B08776 /* Lesson1AvoidScamsView.swift in Sources */,
				113C057D2D3D446500759A78 /* EncryptionHelper.swift in Sources */,
				11EEED462D7387D300B08776 /* Lesson2AvoidPhishingView.swift in Sources */,
				11CD89922D32C47F00891BAD /* ManagePasswordsPageUI.swift in Sources */,
				1155EF512CF8E16D007EE3EB /* Item.swift in Sources */,
				119B41452D7DB83000D11C8D /* ChangePasswordView.swift in Sources */,
				113C056F2D39642E00759A78 /* MaliciousURLAPI.swift in Sources */,
				11B8FA172D38144D00A0A146 /* LoginView.swift in Sources */,
				1155EF4D2CF8E16D007EE3EB /* CyberWiseMainApp.swift in Sources */,
				11CD89902D32C46A00891BAD /* EmergencyAlertsPageUI.swift in Sources */,
				119B413F2D7DB45100D11C8D /* FraudReportingAPI.swift in Sources */,
				11B22FDC2D0326B100B05BDC /* Account.swift in Sources */,
				113C05712D39971200759A78 /* emailValidatorAPI.swift in Sources */,
				113C78192D147C5D00F5C0B6 /* LoginScreenUI.swift in Sources */,
				113C05732D39A72400759A78 /* phoneValidationAPI.swift in Sources */,
				113C781F2D15AD0E00F5C0B6 /* SecondOnBoardingScreenUI.swift in Sources */,
				11EEED422D71F62100B08776 /* Lesson3BrowseSafeView.swift in Sources */,
				11EEED482D738F7E00B08776 /* Lesson3AvoidPhishingView.swift in Sources */,
			);
			runOnlyForDeploymentPostprocessing = 0;
		};
		1155EF572CF8E16E007EE3EB /* Sources */ = {
			isa = PBXSourcesBuildPhase;
			buildActionMask = 2147483647;
			files = (
				1155EF602CF8E16E007EE3EB /* CyberWiseMainTests.swift in Sources */,
			);
			runOnlyForDeploymentPostprocessing = 0;
		};
		1155EF612CF8E16E007EE3EB /* Sources */ = {
			isa = PBXSourcesBuildPhase;
			buildActionMask = 2147483647;
			files = (
				1155EF6A2CF8E16E007EE3EB /* CyberWiseMainUITests.swift in Sources */,
				1155EF6C2CF8E16E007EE3EB /* CyberWiseMainUITestsLaunchTests.swift in Sources */,
			);
			runOnlyForDeploymentPostprocessing = 0;
		};
/* End PBXSourcesBuildPhase section */

/* Begin PBXTargetDependency section */
		1155EF5D2CF8E16E007EE3EB /* PBXTargetDependency */ = {
			isa = PBXTargetDependency;
			target = 1155EF482CF8E16D007EE3EB /* CyberWiseMain */;
			targetProxy = 1155EF5C2CF8E16E007EE3EB /* PBXContainerItemProxy */;
		};
		1155EF672CF8E16E007EE3EB /* PBXTargetDependency */ = {
			isa = PBXTargetDependency;
			target = 1155EF482CF8E16D007EE3EB /* CyberWiseMain */;
			targetProxy = 1155EF662CF8E16E007EE3EB /* PBXContainerItemProxy */;
		};
/* End PBXTargetDependency section */

/* Begin XCBuildConfiguration section */
		1155EF6D2CF8E16E007EE3EB /* Debug */ = {
			isa = XCBuildConfiguration;
			buildSettings = {
				ALWAYS_SEARCH_USER_PATHS = NO;
				ASSETCATALOG_COMPILER_GENERATE_SWIFT_ASSET_SYMBOL_EXTENSIONS = YES;
				CLANG_ANALYZER_NONNULL = YES;
				CLANG_ANALYZER_NUMBER_OBJECT_CONVERSION = YES_AGGRESSIVE;
				CLANG_CXX_LANGUAGE_STANDARD = "gnu++20";
				CLANG_ENABLE_MODULES = YES;
				CLANG_ENABLE_OBJC_ARC = YES;
				CLANG_ENABLE_OBJC_WEAK = YES;
				CLANG_WARN_BLOCK_CAPTURE_AUTORELEASING = YES;
				CLANG_WARN_BOOL_CONVERSION = YES;
				CLANG_WARN_COMMA = YES;
				CLANG_WARN_CONSTANT_CONVERSION = YES;
				CLANG_WARN_DEPRECATED_OBJC_IMPLEMENTATIONS = YES;
				CLANG_WARN_DIRECT_OBJC_ISA_USAGE = YES_ERROR;
				CLANG_WARN_DOCUMENTATION_COMMENTS = YES;
				CLANG_WARN_EMPTY_BODY = YES;
				CLANG_WARN_ENUM_CONVERSION = YES;
				CLANG_WARN_INFINITE_RECURSION = YES;
				CLANG_WARN_INT_CONVERSION = YES;
				CLANG_WARN_NON_LITERAL_NULL_CONVERSION = YES;
				CLANG_WARN_OBJC_IMPLICIT_RETAIN_SELF = YES;
				CLANG_WARN_OBJC_LITERAL_CONVERSION = YES;
				CLANG_WARN_OBJC_ROOT_CLASS = YES_ERROR;
				CLANG_WARN_QUOTED_INCLUDE_IN_FRAMEWORK_HEADER = YES;
				CLANG_WARN_RANGE_LOOP_ANALYSIS = YES;
				CLANG_WARN_STRICT_PROTOTYPES = YES;
				CLANG_WARN_SUSPICIOUS_MOVE = YES;
				CLANG_WARN_UNGUARDED_AVAILABILITY = YES_AGGRESSIVE;
				CLANG_WARN_UNREACHABLE_CODE = YES;
				CLANG_WARN__DUPLICATE_METHOD_MATCH = YES;
				COPY_PHASE_STRIP = NO;
				DEBUG_INFORMATION_FORMAT = dwarf;
				ENABLE_STRICT_OBJC_MSGSEND = YES;
				ENABLE_TESTABILITY = YES;
				ENABLE_USER_SCRIPT_SANDBOXING = YES;
				GCC_C_LANGUAGE_STANDARD = gnu17;
				GCC_DYNAMIC_NO_PIC = NO;
				GCC_NO_COMMON_BLOCKS = YES;
				GCC_OPTIMIZATION_LEVEL = 0;
				GCC_PREPROCESSOR_DEFINITIONS = (
					"DEBUG=1",
					"$(inherited)",
				);
				GCC_WARN_64_TO_32_BIT_CONVERSION = YES;
				GCC_WARN_ABOUT_RETURN_TYPE = YES_ERROR;
				GCC_WARN_UNDECLARED_SELECTOR = YES;
				GCC_WARN_UNINITIALIZED_AUTOS = YES_AGGRESSIVE;
				GCC_WARN_UNUSED_FUNCTION = YES;
				GCC_WARN_UNUSED_VARIABLE = YES;
				IPHONEOS_DEPLOYMENT_TARGET = 17.5;
				LOCALIZATION_PREFERS_STRING_CATALOGS = YES;
				MTL_ENABLE_DEBUG_INFO = INCLUDE_SOURCE;
				MTL_FAST_MATH = YES;
				ONLY_ACTIVE_ARCH = YES;
				SDKROOT = iphoneos;
				SWIFT_ACTIVE_COMPILATION_CONDITIONS = "DEBUG $(inherited)";
				SWIFT_OPTIMIZATION_LEVEL = "-Onone";
			};
			name = Debug;
		};
		1155EF6E2CF8E16E007EE3EB /* Release */ = {
			isa = XCBuildConfiguration;
			buildSettings = {
				ALWAYS_SEARCH_USER_PATHS = NO;
				ASSETCATALOG_COMPILER_GENERATE_SWIFT_ASSET_SYMBOL_EXTENSIONS = YES;
				CLANG_ANALYZER_NONNULL = YES;
				CLANG_ANALYZER_NUMBER_OBJECT_CONVERSION = YES_AGGRESSIVE;
				CLANG_CXX_LANGUAGE_STANDARD = "gnu++20";
				CLANG_ENABLE_MODULES = YES;
				CLANG_ENABLE_OBJC_ARC = YES;
				CLANG_ENABLE_OBJC_WEAK = YES;
				CLANG_WARN_BLOCK_CAPTURE_AUTORELEASING = YES;
				CLANG_WARN_BOOL_CONVERSION = YES;
				CLANG_WARN_COMMA = YES;
				CLANG_WARN_CONSTANT_CONVERSION = YES;
				CLANG_WARN_DEPRECATED_OBJC_IMPLEMENTATIONS = YES;
				CLANG_WARN_DIRECT_OBJC_ISA_USAGE = YES_ERROR;
				CLANG_WARN_DOCUMENTATION_COMMENTS = YES;
				CLANG_WARN_EMPTY_BODY = YES;
				CLANG_WARN_ENUM_CONVERSION = YES;
				CLANG_WARN_INFINITE_RECURSION = YES;
				CLANG_WARN_INT_CONVERSION = YES;
				CLANG_WARN_NON_LITERAL_NULL_CONVERSION = YES;
				CLANG_WARN_OBJC_IMPLICIT_RETAIN_SELF = YES;
				CLANG_WARN_OBJC_LITERAL_CONVERSION = YES;
				CLANG_WARN_OBJC_ROOT_CLASS = YES_ERROR;
				CLANG_WARN_QUOTED_INCLUDE_IN_FRAMEWORK_HEADER = YES;
				CLANG_WARN_RANGE_LOOP_ANALYSIS = YES;
				CLANG_WARN_STRICT_PROTOTYPES = YES;
				CLANG_WARN_SUSPICIOUS_MOVE = YES;
				CLANG_WARN_UNGUARDED_AVAILABILITY = YES_AGGRESSIVE;
				CLANG_WARN_UNREACHABLE_CODE = YES;
				CLANG_WARN__DUPLICATE_METHOD_MATCH = YES;
				COPY_PHASE_STRIP = NO;
				DEBUG_INFORMATION_FORMAT = "dwarf-with-dsym";
				ENABLE_NS_ASSERTIONS = NO;
				ENABLE_STRICT_OBJC_MSGSEND = YES;
				ENABLE_USER_SCRIPT_SANDBOXING = YES;
				GCC_C_LANGUAGE_STANDARD = gnu17;
				GCC_NO_COMMON_BLOCKS = YES;
				GCC_WARN_64_TO_32_BIT_CONVERSION = YES;
				GCC_WARN_ABOUT_RETURN_TYPE = YES_ERROR;
				GCC_WARN_UNDECLARED_SELECTOR = YES;
				GCC_WARN_UNINITIALIZED_AUTOS = YES_AGGRESSIVE;
				GCC_WARN_UNUSED_FUNCTION = YES;
				GCC_WARN_UNUSED_VARIABLE = YES;
				IPHONEOS_DEPLOYMENT_TARGET = 17.5;
				LOCALIZATION_PREFERS_STRING_CATALOGS = YES;
				MTL_ENABLE_DEBUG_INFO = NO;
				MTL_FAST_MATH = YES;
				SDKROOT = iphoneos;
				SWIFT_COMPILATION_MODE = wholemodule;
				VALIDATE_PRODUCT = YES;
			};
			name = Release;
		};
		1155EF702CF8E16E007EE3EB /* Debug */ = {
			isa = XCBuildConfiguration;
			buildSettings = {
				ASSETCATALOG_COMPILER_APPICON_NAME = AppIcon;
				ASSETCATALOG_COMPILER_GLOBAL_ACCENT_COLOR_NAME = AccentColor;
				ASSETCATALOG_COMPILER_INCLUDE_ALL_APPICON_ASSETS = YES;
				CODE_SIGN_STYLE = Automatic;
				CURRENT_PROJECT_VERSION = 1;
				DEVELOPMENT_ASSET_PATHS = "\"CyberWiseMain/Preview Content\"";
				DEVELOPMENT_TEAM = 3KKV6QX62R;
				ENABLE_PREVIEWS = YES;
				GENERATE_INFOPLIST_FILE = YES;
				INFOPLIST_FILE = CyberWiseMain/Info.plist;
				INFOPLIST_KEY_NSFaceIDUsageDescription = "Face ID is used to unlock the app securely.";
				INFOPLIST_KEY_UIApplicationSceneManifest_Generation = YES;
				INFOPLIST_KEY_UIApplicationSupportsIndirectInputEvents = YES;
				INFOPLIST_KEY_UILaunchScreen_Generation = YES;
				INFOPLIST_KEY_UILaunchStoryboardName = "";
				INFOPLIST_KEY_UISupportedInterfaceOrientations_iPad = "UIInterfaceOrientationPortrait UIInterfaceOrientationPortraitUpsideDown UIInterfaceOrientationLandscapeLeft UIInterfaceOrientationLandscapeRight";
				INFOPLIST_KEY_UISupportedInterfaceOrientations_iPhone = "UIInterfaceOrientationPortrait UIInterfaceOrientationLandscapeLeft UIInterfaceOrientationLandscapeRight";
				IPHONEOS_DEPLOYMENT_TARGET = 17.6;
				LD_RUNPATH_SEARCH_PATHS = (
					"$(inherited)",
					"@executable_path/Frameworks",
				);
				MARKETING_VERSION = 1.0;
				PRODUCT_BUNDLE_IDENTIFIER = CyberWise.CyberWiseMain;
				PRODUCT_NAME = "$(TARGET_NAME)";
				SWIFT_EMIT_LOC_STRINGS = YES;
				SWIFT_VERSION = 5.0;
				TARGETED_DEVICE_FAMILY = "1,2";
			};
			name = Debug;
		};
		1155EF712CF8E16E007EE3EB /* Release */ = {
			isa = XCBuildConfiguration;
			buildSettings = {
				ASSETCATALOG_COMPILER_APPICON_NAME = AppIcon;
				ASSETCATALOG_COMPILER_GLOBAL_ACCENT_COLOR_NAME = AccentColor;
				ASSETCATALOG_COMPILER_INCLUDE_ALL_APPICON_ASSETS = YES;
				CODE_SIGN_STYLE = Automatic;
				CURRENT_PROJECT_VERSION = 1;
				DEVELOPMENT_ASSET_PATHS = "\"CyberWiseMain/Preview Content\"";
				DEVELOPMENT_TEAM = 3KKV6QX62R;
				ENABLE_PREVIEWS = YES;
				GENERATE_INFOPLIST_FILE = YES;
				INFOPLIST_FILE = CyberWiseMain/Info.plist;
				INFOPLIST_KEY_NSFaceIDUsageDescription = "Face ID is used to unlock the app securely.";
				INFOPLIST_KEY_UIApplicationSceneManifest_Generation = YES;
				INFOPLIST_KEY_UIApplicationSupportsIndirectInputEvents = YES;
				INFOPLIST_KEY_UILaunchScreen_Generation = YES;
				INFOPLIST_KEY_UILaunchStoryboardName = "";
				INFOPLIST_KEY_UISupportedInterfaceOrientations_iPad = "UIInterfaceOrientationPortrait UIInterfaceOrientationPortraitUpsideDown UIInterfaceOrientationLandscapeLeft UIInterfaceOrientationLandscapeRight";
				INFOPLIST_KEY_UISupportedInterfaceOrientations_iPhone = "UIInterfaceOrientationPortrait UIInterfaceOrientationLandscapeLeft UIInterfaceOrientationLandscapeRight";
				IPHONEOS_DEPLOYMENT_TARGET = 17.6;
				LD_RUNPATH_SEARCH_PATHS = (
					"$(inherited)",
					"@executable_path/Frameworks",
				);
				MARKETING_VERSION = 1.0;
				PRODUCT_BUNDLE_IDENTIFIER = CyberWise.CyberWiseMain;
				PRODUCT_NAME = "$(TARGET_NAME)";
				SWIFT_EMIT_LOC_STRINGS = YES;
				SWIFT_VERSION = 5.0;
				TARGETED_DEVICE_FAMILY = "1,2";
			};
			name = Release;
		};
		1155EF732CF8E16E007EE3EB /* Debug */ = {
			isa = XCBuildConfiguration;
			buildSettings = {
				ALWAYS_EMBED_SWIFT_STANDARD_LIBRARIES = YES;
				BUNDLE_LOADER = "$(TEST_HOST)";
				CODE_SIGN_STYLE = Automatic;
				CURRENT_PROJECT_VERSION = 1;
				DEVELOPMENT_TEAM = 3KKV6QX62R;
				GENERATE_INFOPLIST_FILE = YES;
				IPHONEOS_DEPLOYMENT_TARGET = 17.5;
				MARKETING_VERSION = 1.0;
				PRODUCT_BUNDLE_IDENTIFIER = CyberWise.CyberWiseMainTests;
				PRODUCT_NAME = "$(TARGET_NAME)";
				SWIFT_EMIT_LOC_STRINGS = NO;
				SWIFT_VERSION = 5.0;
				TARGETED_DEVICE_FAMILY = "1,2";
				TEST_HOST = "$(BUILT_PRODUCTS_DIR)/CyberWiseMain.app/$(BUNDLE_EXECUTABLE_FOLDER_PATH)/CyberWiseMain";
			};
			name = Debug;
		};
		1155EF742CF8E16E007EE3EB /* Release */ = {
			isa = XCBuildConfiguration;
			buildSettings = {
				ALWAYS_EMBED_SWIFT_STANDARD_LIBRARIES = YES;
				BUNDLE_LOADER = "$(TEST_HOST)";
				CODE_SIGN_STYLE = Automatic;
				CURRENT_PROJECT_VERSION = 1;
				DEVELOPMENT_TEAM = 3KKV6QX62R;
				GENERATE_INFOPLIST_FILE = YES;
				IPHONEOS_DEPLOYMENT_TARGET = 17.5;
				MARKETING_VERSION = 1.0;
				PRODUCT_BUNDLE_IDENTIFIER = CyberWise.CyberWiseMainTests;
				PRODUCT_NAME = "$(TARGET_NAME)";
				SWIFT_EMIT_LOC_STRINGS = NO;
				SWIFT_VERSION = 5.0;
				TARGETED_DEVICE_FAMILY = "1,2";
				TEST_HOST = "$(BUILT_PRODUCTS_DIR)/CyberWiseMain.app/$(BUNDLE_EXECUTABLE_FOLDER_PATH)/CyberWiseMain";
			};
			name = Release;
		};
		1155EF762CF8E16E007EE3EB /* Debug */ = {
			isa = XCBuildConfiguration;
			buildSettings = {
				ALWAYS_EMBED_SWIFT_STANDARD_LIBRARIES = YES;
				CODE_SIGN_STYLE = Automatic;
				CURRENT_PROJECT_VERSION = 1;
				DEVELOPMENT_TEAM = 3KKV6QX62R;
				GENERATE_INFOPLIST_FILE = YES;
				MARKETING_VERSION = 1.0;
				PRODUCT_BUNDLE_IDENTIFIER = CyberWise.CyberWiseMainUITests;
				PRODUCT_NAME = "$(TARGET_NAME)";
				SWIFT_EMIT_LOC_STRINGS = NO;
				SWIFT_VERSION = 5.0;
				TARGETED_DEVICE_FAMILY = "1,2";
				TEST_TARGET_NAME = CyberWiseMain;
			};
			name = Debug;
		};
		1155EF772CF8E16E007EE3EB /* Release */ = {
			isa = XCBuildConfiguration;
			buildSettings = {
				ALWAYS_EMBED_SWIFT_STANDARD_LIBRARIES = YES;
				CODE_SIGN_STYLE = Automatic;
				CURRENT_PROJECT_VERSION = 1;
				DEVELOPMENT_TEAM = 3KKV6QX62R;
				GENERATE_INFOPLIST_FILE = YES;
				MARKETING_VERSION = 1.0;
				PRODUCT_BUNDLE_IDENTIFIER = CyberWise.CyberWiseMainUITests;
				PRODUCT_NAME = "$(TARGET_NAME)";
				SWIFT_EMIT_LOC_STRINGS = NO;
				SWIFT_VERSION = 5.0;
				TARGETED_DEVICE_FAMILY = "1,2";
				TEST_TARGET_NAME = CyberWiseMain;
			};
			name = Release;
		};
/* End XCBuildConfiguration section */

/* Begin XCConfigurationList section */
		1155EF442CF8E16D007EE3EB /* Build configuration list for PBXProject "CyberWiseMain" */ = {
			isa = XCConfigurationList;
			buildConfigurations = (
				1155EF6D2CF8E16E007EE3EB /* Debug */,
				1155EF6E2CF8E16E007EE3EB /* Release */,
			);
			defaultConfigurationIsVisible = 0;
			defaultConfigurationName = Release;
		};
		1155EF6F2CF8E16E007EE3EB /* Build configuration list for PBXNativeTarget "CyberWiseMain" */ = {
			isa = XCConfigurationList;
			buildConfigurations = (
				1155EF702CF8E16E007EE3EB /* Debug */,
				1155EF712CF8E16E007EE3EB /* Release */,
			);
			defaultConfigurationIsVisible = 0;
			defaultConfigurationName = Release;
		};
		1155EF722CF8E16E007EE3EB /* Build configuration list for PBXNativeTarget "CyberWiseMainTests" */ = {
			isa = XCConfigurationList;
			buildConfigurations = (
				1155EF732CF8E16E007EE3EB /* Debug */,
				1155EF742CF8E16E007EE3EB /* Release */,
			);
			defaultConfigurationIsVisible = 0;
			defaultConfigurationName = Release;
		};
		1155EF752CF8E16E007EE3EB /* Build configuration list for PBXNativeTarget "CyberWiseMainUITests" */ = {
			isa = XCConfigurationList;
			buildConfigurations = (
				1155EF762CF8E16E007EE3EB /* Debug */,
				1155EF772CF8E16E007EE3EB /* Release */,
			);
			defaultConfigurationIsVisible = 0;
			defaultConfigurationName = Release;
		};
/* End XCConfigurationList section */
	};
	rootObject = 1155EF412CF8E16D007EE3EB /* Project object */;
}
